// !$*UTF8*$!
{
	archiveVersion = 1;
	classes = {
	};
	objectVersion = 46;
	objects = {

/* Begin PBXBuildFile section */
		274C773C1A901F5B004ACA95 /* com_lenderman_ncidpop_utils_OsUtils.h in Headers */ = {isa = PBXBuildFile; fileRef = 274C773A1A901F5B004ACA95 /* com_lenderman_ncidpop_utils_OsUtils.h */; };
		274C773D1A901F5B004ACA95 /* com_lenderman_ncidpop_utils_OsUtils.m in Sources */ = {isa = PBXBuildFile; fileRef = 274C773B1A901F5B004ACA95 /* com_lenderman_ncidpop_utils_OsUtils.m */; };
/* End PBXBuildFile section */

/* Begin PBXFileReference section */
		274C77201A901F3B004ACA95 /* libaddressbooklookup.dylib */ = {isa = PBXFileReference; explicitFileType = "compiled.mach-o.dylib"; includeInIndex = 0; path = libaddressbooklookup.dylib; sourceTree = BUILT_PRODUCTS_DIR; };
		274C773A1A901F5B004ACA95 /* com_lenderman_ncidpop_utils_OsUtils.h */ = {isa = PBXFileReference; fileEncoding = 4; lastKnownFileType = sourcecode.c.h; path = com_lenderman_ncidpop_utils_OsUtils.h; sourceTree = "<group>"; };
		274C773B1A901F5B004ACA95 /* com_lenderman_ncidpop_utils_OsUtils.m */ = {isa = PBXFileReference; fileEncoding = 4; lastKnownFileType = sourcecode.c.objc; path = com_lenderman_ncidpop_utils_OsUtils.m; sourceTree = "<group>"; };
/* End PBXFileReference section */

/* Begin PBXFrameworksBuildPhase section */
		274C771D1A901F3B004ACA95 /* Frameworks */ = {
			isa = PBXFrameworksBuildPhase;
			buildActionMask = 2147483647;
			files = (
			);
			runOnlyForDeploymentPostprocessing = 0;
		};
/* End PBXFrameworksBuildPhase section */

/* Begin PBXGroup section */
		274C77171A901F3B004ACA95 = {
			isa = PBXGroup;
			children = (
				274C77221A901F3B004ACA95 /* addressbooklookup */,
				274C77211A901F3B004ACA95 /* Products */,
			);
			sourceTree = "<group>";
		};
		274C77211A901F3B004ACA95 /* Products */ = {
			isa = PBXGroup;
			children = (
				274C77201A901F3B004ACA95 /* libaddressbooklookup.dylib */,
			);
			name = Products;
			sourceTree = "<group>";
		};
		274C77221A901F3B004ACA95 /* addressbooklookup */ = {
			isa = PBXGroup;
			children = (
				274C773A1A901F5B004ACA95 /* com_lenderman_ncidpop_utils_OsUtils.h */,
				274C773B1A901F5B004ACA95 /* com_lenderman_ncidpop_utils_OsUtils.m */,
			);
			path = addressbooklookup;
			sourceTree = "<group>";
		};
/* End PBXGroup section */

/* Begin PBXHeadersBuildPhase section */
		274C771E1A901F3B004ACA95 /* Headers */ = {
			isa = PBXHeadersBuildPhase;
			buildActionMask = 2147483647;
			files = (
				274C773C1A901F5B004ACA95 /* com_lenderman_ncidpop_utils_OsUtils.h in Headers */,
			);
			runOnlyForDeploymentPostprocessing = 0;
		};
/* End PBXHeadersBuildPhase section */

/* Begin PBXNativeTarget section */
		274C771F1A901F3B004ACA95 /* addressbooklookup */ = {
			isa = PBXNativeTarget;
			buildConfigurationList = 274C77341A901F3B004ACA95 /* Build configuration list for PBXNativeTarget "addressbooklookup" */;
			buildPhases = (
				274C771C1A901F3B004ACA95 /* Sources */,
				274C771D1A901F3B004ACA95 /* Frameworks */,
				274C771E1A901F3B004ACA95 /* Headers */,
			);
			buildRules = (
			);
			dependencies = (
			);
			name = addressbooklookup;
			productName = addressbooklookup;
			productReference = 274C77201A901F3B004ACA95 /* libaddressbooklookup.dylib */;
			productType = "com.apple.product-type.library.dynamic";
		};
/* End PBXNativeTarget section */

/* Begin PBXProject section */
		274C77181A901F3B004ACA95 /* Project object */ = {
			isa = PBXProject;
			attributes = {
				LastUpgradeCheck = 0610;
				ORGANIZATIONNAME = "Chris Lenderman";
				TargetAttributes = {
					274C771F1A901F3B004ACA95 = {
						CreatedOnToolsVersion = 6.1.1;
					};
				};
			};
			buildConfigurationList = 274C771B1A901F3B004ACA95 /* Build configuration list for PBXProject "addressbooklookup" */;
			compatibilityVersion = "Xcode 3.2";
			developmentRegion = English;
			hasScannedForEncodings = 0;
			knownRegions = (
				en,
			);
			mainGroup = 274C77171A901F3B004ACA95;
			productRefGroup = 274C77211A901F3B004ACA95 /* Products */;
			projectDirPath = "";
			projectRoot = "";
			targets = (
				274C771F1A901F3B004ACA95 /* addressbooklookup */,
			);
		};
/* End PBXProject section */

/* Begin PBXSourcesBuildPhase section */
		274C771C1A901F3B004ACA95 /* Sources */ = {
			isa = PBXSourcesBuildPhase;
			buildActionMask = 2147483647;
			files = (
				274C773D1A901F5B004ACA95 /* com_lenderman_ncidpop_utils_OsUtils.m in Sources */,
			);
			runOnlyForDeploymentPostprocessing = 0;
		};
/* End PBXSourcesBuildPhase section */

/* Begin XCBuildConfiguration section */
		274C77321A901F3B004ACA95 /* Debug */ = {
			isa = XCBuildConfiguration;
			buildSettings = {
				ALWAYS_SEARCH_USER_PATHS = NO;
				ARCHS = "$(ARCHS_STANDARD_32_64_BIT)";
				CLANG_CXX_LANGUAGE_STANDARD = "gnu++0x";
				CLANG_CXX_LIBRARY = "libc++";
				CLANG_ENABLE_MODULES = YES;
				CLANG_ENABLE_OBJC_ARC = NO;
				CLANG_WARN_BOOL_CONVERSION = YES;
				CLANG_WARN_CONSTANT_CONVERSION = YES;
				CLANG_WARN_DIRECT_OBJC_ISA_USAGE = YES_ERROR;
				CLANG_WARN_EMPTY_BODY = YES;
				CLANG_WARN_ENUM_CONVERSION = YES;
				CLANG_WARN_INT_CONVERSION = YES;
				CLANG_WARN_OBJC_ROOT_CLASS = YES_ERROR;
				CLANG_WARN_UNREACHABLE_CODE = YES;
				CLANG_WARN__DUPLICATE_METHOD_MATCH = YES;
				COPY_PHASE_STRIP = NO;
				ENABLE_STRICT_OBJC_MSGSEND = YES;
				GCC_C_LANGUAGE_STANDARD = gnu99;
				GCC_DYNAMIC_NO_PIC = NO;
				GCC_OPTIMIZATION_LEVEL = 0;
				GCC_PREPROCESSOR_DEFINITIONS = (
					"DEBUG=1",
					"$(inherited)",
				);
				GCC_SYMBOLS_PRIVATE_EXTERN = NO;
				GCC_WARN_64_TO_32_BIT_CONVERSION = YES;
				GCC_WARN_ABOUT_RETURN_TYPE = YES_ERROR;
				GCC_WARN_UNDECLARED_SELECTOR = YES;
				GCC_WARN_UNINITIALIZED_AUTOS = YES_AGGRESSIVE;
				GCC_WARN_UNUSED_FUNCTION = YES;
				GCC_WARN_UNUSED_VARIABLE = YES;
				MACOSX_DEPLOYMENT_TARGET = 10.4;
				MTL_ENABLE_DEBUG_INFO = YES;
				ONLY_ACTIVE_ARCH = NO;
				SDKROOT = macosx;
			};
			name = Debug;
		};
		274C77331A901F3B004ACA95 /* Release */ = {
			isa = XCBuildConfiguration;
			buildSettings = {
				ALWAYS_SEARCH_USER_PATHS = NO;
				ARCHS = "$(ARCHS_STANDARD_32_64_BIT)";
				CLANG_CXX_LANGUAGE_STANDARD = "gnu++0x";
				CLANG_CXX_LIBRARY = "libc++";
				CLANG_ENABLE_MODULES = YES;
				CLANG_ENABLE_OBJC_ARC = NO;
				CLANG_WARN_BOOL_CONVERSION = YES;
				CLANG_WARN_CONSTANT_CONVERSION = YES;
				CLANG_WARN_DIRECT_OBJC_ISA_USAGE = YES_ERROR;
				CLANG_WARN_EMPTY_BODY = YES;
				CLANG_WARN_ENUM_CONVERSION = YES;
				CLANG_WARN_INT_CONVERSION = YES;
				CLANG_WARN_OBJC_ROOT_CLASS = YES_ERROR;
				CLANG_WARN_UNREACHABLE_CODE = YES;
				CLANG_WARN__DUPLICATE_METHOD_MATCH = YES;
				COPY_PHASE_STRIP = YES;
				DEBUG_INFORMATION_FORMAT = "dwarf-with-dsym";
				ENABLE_NS_ASSERTIONS = NO;
				ENABLE_STRICT_OBJC_MSGSEND = YES;
				GCC_C_LANGUAGE_STANDARD = gnu99;
				GCC_WARN_64_TO_32_BIT_CONVERSION = YES;
				GCC_WARN_ABOUT_RETURN_TYPE = YES_ERROR;
				GCC_WARN_UNDECLARED_SELECTOR = YES;
				GCC_WARN_UNINITIALIZED_AUTOS = YES_AGGRESSIVE;
				GCC_WARN_UNUSED_FUNCTION = YES;
				GCC_WARN_UNUSED_VARIABLE = YES;
				MACOSX_DEPLOYMENT_TARGET = 10.4;
				MTL_ENABLE_DEBUG_INFO = NO;
				SDKROOT = macosx;
			};
			name = Release;
		};
		274C77351A901F3B004ACA95 /* Debug */ = {
			isa = XCBuildConfiguration;
			buildSettings = {
				ARCHS = "$(ARCHS_STANDARD_32_64_BIT)";
				CLANG_ENABLE_OBJC_ARC = NO;
				DYLIB_COMPATIBILITY_VERSION = 1;
				DYLIB_CURRENT_VERSION = 1;
				EXECUTABLE_PREFIX = lib;
				HEADER_SEARCH_PATHS = (
					"$(inherited)",
					/Applications/Xcode.app/Contents/Developer/Toolchains/XcodeDefault.xctoolchain/usr/include,
					/System/Library/Frameworks/JavaVM.framework/Headers,
				);
				INSTALL_PATH = /;
				MACOSX_DEPLOYMENT_TARGET = 10.4;
				ONLY_ACTIVE_ARCH = NO;
				PRODUCT_MODULE_NAME = "$(PRODUCT_NAME:c99extidentifier)";
				PRODUCT_NAME = "$(TARGET_NAME)";
			};
			name = Debug;
		};
		274C77361A901F3B004ACA95 /* Release */ = {
			isa = XCBuildConfiguration;
			buildSettings = {
				ARCHS = "$(ARCHS_STANDARD_32_64_BIT)";
				CLANG_ENABLE_OBJC_ARC = NO;
				DYLIB_COMPATIBILITY_VERSION = 1;
				DYLIB_CURRENT_VERSION = 1;
				EXECUTABLE_PREFIX = lib;
				HEADER_SEARCH_PATHS = (
					"$(inherited)",
					/Applications/Xcode.app/Contents/Developer/Toolchains/XcodeDefault.xctoolchain/usr/include,
					/System/Library/Frameworks/JavaVM.framework/Headers,
				);
				INSTALL_PATH = /;
				MACOSX_DEPLOYMENT_TARGET = 10.4;
				PRODUCT_MODULE_NAME = "$(PRODUCT_NAME:c99extidentifier)";
				PRODUCT_NAME = "$(TARGET_NAME)";
			};
			name = Release;
		};
/* End XCBuildConfiguration section */

/* Begin XCConfigurationList section */
		274C771B1A901F3B004ACA95 /* Build configuration list for PBXProject "addressbooklookup" */ = {
			isa = XCConfigurationList;
			buildConfigurations = (
				274C77321A901F3B004ACA95 /* Debug */,
				274C77331A901F3B004ACA95 /* Release */,
			);
			defaultConfigurationIsVisible = 0;
			defaultConfigurationName = Release;
		};
		274C77341A901F3B004ACA95 /* Build configuration list for PBXNativeTarget "addressbooklookup" */ = {
			isa = XCConfigurationList;
			buildConfigurations = (
				274C77351A901F3B004ACA95 /* Debug */,
				274C77361A901F3B004ACA95 /* Release */,
			);
			defaultConfigurationIsVisible = 0;
			defaultConfigurationName = Release;
		};
/* End XCConfigurationList section */
	};
	rootObject = 274C77181A901F3B004ACA95 /* Project object */;
}
